
Microsoft Visual Studio Solution File, Format Version 12.00
# Visual Studio Version 17
VisualStudioVersion = 17.8.34511.84
MinimumVisualStudioVersion = 10.0.40219.1
Project("{FAE04EC0-301F-11D3-BF4B-00C04F79EFBC}") = "Car-Race.Threads.Labb2", "Car-Race.Threads.Labb2.csproj", "{28B74B34-58D2-4C3F-8DEB-90CF4BAC8D7A}"
EndProject
Global
	GlobalSection(SolutionConfigurationPlatforms) = preSolution
		Debug|Any CPU = Debug|Any CPU
		Release|Any CPU = Release|Any CPU
	EndGlobalSection
	GlobalSection(ProjectConfigurationPlatforms) = postSolution
		{28B74B34-58D2-4C3F-8DEB-90CF4BAC8D7A}.Debug|Any CPU.ActiveCfg = Debug|Any CPU
		{28B74B34-58D2-4C3F-8DEB-90CF4BAC8D7A}.Debug|Any CPU.Build.0 = Debug|Any CPU
		{28B74B34-58D2-4C3F-8DEB-90CF4BAC8D7A}.Release|Any CPU.ActiveCfg = Release|Any CPU
		{28B74B34-58D2-4C3F-8DEB-90CF4BAC8D7A}.Release|Any CPU.Build.0 = Release|Any CPU
	EndGlobalSection
	GlobalSection(SolutionProperties) = preSolution
		HideSolutionNode = FALSE
	EndGlobalSection
	GlobalSection(ExtensibilityGlobals) = postSolution
		SolutionGuid = {3D817662-68FF-43BE-9149-E0D04388C948}
	EndGlobalSection
EndGlobal
